lockfileVersion: '9.0'

settings:
  autoInstallPeers: true
  excludeLinksFromLockfile: false

importers:

  .:
    devDependencies:
      '@types/node':
        specifier: ^22.0.0
        version: 22.20.0
      typescript:
        specifier: ^5.8.0
        version: 5.9.3

  apps/cli:
    dependencies:
      '@inojs/compiler':
        specifier: workspace:*
        version: link:../../packages/compiler
    devDependencies:
      '@types/node':
        specifier: ^22.0.0
        version: 22.20.0
      typescript:
        specifier: ^5.8.0
        version: 5.9.3

  examples/blink:
    dependencies:
      '@inojs/core':
        specifier: workspace:*
        version: link:../../packages/core

  packages/compiler:
    dependencies:
      '@inojs/generator':
        specifier: workspace:*
        version: link:../generator
      '@inojs/parser':
        specifier: workspace:*
        version: link:../parser
      '@inojs/platformio':
        specifier: workspace:*
        version: link:../platformio
    devDependencies:
      typescript:
        specifier: ^5.8.0
        version: 5.9.3

  packages/core:
    devDependencies:
      typescript:
        specifier: ^5.8.0
        version: 5.9.3

  packages/generator:
    dependencies:
      '@babel/types':
        specifier: ^7.28.0
        version: 7.29.7
    devDependencies:
      typescript:
        specifier: ^5.8.0
        version: 5.9.3

  packages/parser:
    dependencies:
      '@babel/parser':
        specifier: ^7.28.0
        version: 7.29.7
      '@babel/types':
        specifier: ^7.28.0
        version: 7.29.7
    devDependencies:
      typescript:
        specifier: ^5.8.0
        version: 5.9.3

  packages/platformio:
    devDependencies:
      typescript:
        specifier: ^5.8.0
        version: 5.9.3

  packages/types:
    devDependencies:
      typescript:
        specifier: ^5.8.0
        version: 5.9.3

packages:

  '@babel/helper-string-parser@7.29.7':
    resolution: {integrity: sha512-Pb5ijPrZ89GDH8223L4UP8i6QApWxs04RbPQJTeWDV0/keR2E36MeKnyr6LYmUUvqRRI+Iv87SuF1W6ErINzYw==}
    engines: {node: '>=6.9.0'}

  '@babel/helper-validator-identifier@7.29.7':
    resolution: {integrity: sha512-qehxGkRj55h/ff8EMaJ+cYhyaKlHIxqYDn682wQD7RNp9UujOQsHog2uS0r2vzr4pW+sXf90NeeayjcNaX3fFg==}
    engines: {node: '>=6.9.0'}

  '@babel/parser@7.29.7':
    resolution: {integrity: sha512-hnORnjP/1P/zFEndoeX+n+t1RwWRJiJpM/jO7FW32Kn9r5+sJB2JWOdYo4L6k78j15eCwY3Gm/7364B1EMwtNg==}
    engines: {node: '>=6.0.0'}
    hasBin: true

  '@babel/types@7.29.7':
    resolution: {integrity: sha512-4zBIxpPzowiZpusoFkyGVwakdRJUyuH5PxQ/PrqghfdFWWasvnCdPfQXHrenDai+gyLARulZjZowCOj6fjT4pA==}
    engines: {node: '>=6.9.0'}

  '@types/node@22.20.0':
    resolution: {integrity: sha512-QWlFW2wf3nTjC13/DqRnBpR4ZO36VJH/JVBkA/vcnmbTBNQIlnObqyqZE1tUR7+Ni23Lda8R1BxMfbXRpCUx5g==}

  typescript@5.9.3:
    resolution: {integrity: sha512-jl1vZzPDinLr9eUt3J/t7V6FgNEw9QjvBPdysz9KfQDD41fQrC2Y4vKQdiaUpFT4bXlb1RHhLpp8wtm6M5TgSw==}
    engines: {node: '>=14.17'}
    hasBin: true

  undici-types@6.21.0:
    resolution: {integrity: sha512-iwDZqg0QAGrg9Rav5H4n0M64c3mkR59cJ6wQp+7C4nI0gsmExaedaYLNO44eT4AtBBwjbTiGPMlt2Md0T9H9JQ==}

snapshots:

  '@babel/helper-string-parser@7.29.7': {}

  '@babel/helper-validator-identifier@7.29.7': {}

  '@babel/parser@7.29.7':
    dependencies:
      '@babel/types': 7.29.7

  '@babel/types@7.29.7':
    dependencies:
      '@babel/helper-string-parser': 7.29.7
      '@babel/helper-validator-identifier': 7.29.7

  '@types/node@22.20.0':
    dependencies:
      undici-types: 6.21.0

  typescript@5.9.3: {}

  undici-types@6.21.0: {}
